// !$*UTF8*$!
{
	archiveVersion = 1;
	classes = {
	};
	objectVersion = 48;
	objects = {

/* Begin PBXBuildFile section */
		4512A7D92069EB8800BF4951 /* UserBindable.swift in Sources */ = {isa = PBXBuildFile; fileRef = 4512A7D82069EB8800BF4951 /* UserBindable.swift */; };
		4512A7DC2070AA8900BF4951 /* FoodTableViewCell.swift in Sources */ = {isa = PBXBuildFile; fileRef = 4512A7DA2070AA8900BF4951 /* FoodTableViewCell.swift */; };
		4512A7DD2070AA8900BF4951 /* FoodTableViewCell.xib in Resources */ = {isa = PBXBuildFile; fileRef = 4512A7DB2070AA8900BF4951 /* FoodTableViewCell.xib */; };
		4512A7E02070B17E00BF4951 /* ProtocolViewController.swift in Sources */ = {isa = PBXBuildFile; fileRef = 4512A7DF2070B17E00BF4951 /* ProtocolViewController.swift */; };
		45A3DEAA2075CB490007EA02 /* JXXSearchEBillActivityHeaderView.swift in Sources */ = {isa = PBXBuildFile; fileRef = 45A3DEA92075CB490007EA02 /* JXXSearchEBillActivityHeaderView.swift */; };
		45A3DEAC2075CB5B0007EA02 /* JXXSearchEBillActivityHeaderView.xib in Resources */ = {isa = PBXBuildFile; fileRef = 45A3DEAB2075CB5B0007EA02 /* JXXSearchEBillActivityHeaderView.xib */; };
		45B9F37820576F9500AEA1E3 /* NYCSchoolCell.swift in Sources */ = {isa = PBXBuildFile; fileRef = 45B9F37720576F9500AEA1E3 /* NYCSchoolCell.swift */; };
		45B9F37B205777E500AEA1E3 /* NYCSchoolSat.swift in Sources */ = {isa = PBXBuildFile; fileRef = 45B9F37A205777E500AEA1E3 /* NYCSchoolSat.swift */; };
		45B9F37D20577A7200AEA1E3 /* NYCSchoolSatCell.swift in Sources */ = {isa = PBXBuildFile; fileRef = 45B9F37C20577A7200AEA1E3 /* NYCSchoolSatCell.swift */; };
		A218DB2B205723BC00E6E756 /* AppDelegate.swift in Sources */ = {isa = PBXBuildFile; fileRef = A218DB2A205723BC00E6E756 /* AppDelegate.swift */; };
		A218DB2D205723BC00E6E756 /* NYCSchoolLandingViewController.swift in Sources */ = {isa = PBXBuildFile; fileRef = A218DB2C205723BC00E6E756 /* NYCSchoolLandingViewController.swift */; };
		A218DB30205723BC00E6E756 /* Main.storyboard in Resources */ = {isa = PBXBuildFile; fileRef = A218DB2E205723BC00E6E756 /* Main.storyboard */; };
		A218DB32205723BC00E6E756 /* Assets.xcassets in Resources */ = {isa = PBXBuildFile; fileRef = A218DB31205723BC00E6E756 /* Assets.xcassets */; };
		A218DB35205723BC00E6E756 /* LaunchScreen.storyboard in Resources */ = {isa = PBXBuildFile; fileRef = A218DB33205723BC00E6E756 /* LaunchScreen.storyboard */; };
		A218DB40205723BC00E6E756 /* _0180313_SayanBanerjee_NYCSchoolsTests.swift in Sources */ = {isa = PBXBuildFile; fileRef = A218DB3F205723BC00E6E756 /* _0180313_SayanBanerjee_NYCSchoolsTests.swift */; };
		A218DB4B205723BC00E6E756 /* _0180313_SayanBanerjee_NYCSchoolsUITests.swift in Sources */ = {isa = PBXBuildFile; fileRef = A218DB4A205723BC00E6E756 /* _0180313_SayanBanerjee_NYCSchoolsUITests.swift */; };
		A218DB5B2057253100E6E756 /* NetworkManager.swift in Sources */ = {isa = PBXBuildFile; fileRef = A218DB5A2057253100E6E756 /* NetworkManager.swift */; };
		A218DB5D2057267900E6E756 /* NYCSchoolHelper.swift in Sources */ = {isa = PBXBuildFile; fileRef = A218DB5C2057267900E6E756 /* NYCSchoolHelper.swift */; };
		A218DB5F205728DF00E6E756 /* NYCSchoolApi.swift in Sources */ = {isa = PBXBuildFile; fileRef = A218DB5E205728DF00E6E756 /* NYCSchoolApi.swift */; };
		A218DB6120572A1800E6E756 /* NYCSchoolBaseViewController.swift in Sources */ = {isa = PBXBuildFile; fileRef = A218DB6020572A1800E6E756 /* NYCSchoolBaseViewController.swift */; };
		A218DB632057310700E6E756 /* NYCSchoolDetailViewController.swift in Sources */ = {isa = PBXBuildFile; fileRef = A218DB622057310700E6E756 /* NYCSchoolDetailViewController.swift */; };
		A218DB66205737D900E6E756 /* NYCSchool.swift in Sources */ = {isa = PBXBuildFile; fileRef = A218DB65205737D900E6E756 /* NYCSchool.swift */; };
		A218DB6820573D8000E6E756 /* NYCSchoolViewModel.swift in Sources */ = {isa = PBXBuildFile; fileRef = A218DB6720573D8000E6E756 /* NYCSchoolViewModel.swift */; };
/* End PBXBuildFile section */

/* Begin PBXContainerItemProxy section */
		A218DB3C205723BC00E6E756 /* PBXContainerItemProxy */ = {
			isa = PBXContainerItemProxy;
			containerPortal = A218DB1F205723BC00E6E756 /* Project object */;
			proxyType = 1;
			remoteGlobalIDString = A218DB26205723BC00E6E756;
			remoteInfo = "20180313-SayanBanerjee-NYCSchools";
		};
		A218DB47205723BC00E6E756 /* PBXContainerItemProxy */ = {
			isa = PBXContainerItemProxy;
			containerPortal = A218DB1F205723BC00E6E756 /* Project object */;
			proxyType = 1;
			remoteGlobalIDString = A218DB26205723BC00E6E756;
			remoteInfo = "20180313-SayanBanerjee-NYCSchools";
		};
/* End PBXContainerItemProxy section */

/* Begin PBXFileReference section */
		4512A7D82069EB8800BF4951 /* UserBindable.swift */ = {isa = PBXFileReference; lastKnownFileType = sourcecode.swift; path = UserBindable.swift; sourceTree = "<group>"; };
		4512A7DA2070AA8900BF4951 /* FoodTableViewCell.swift */ = {isa = PBXFileReference; lastKnownFileType = sourcecode.swift; path = FoodTableViewCell.swift; sourceTree = "<group>"; };
		4512A7DB2070AA8900BF4951 /* FoodTableViewCell.xib */ = {isa = PBXFileReference; lastKnownFileType = file.xib; path = FoodTableViewCell.xib; sourceTree = "<group>"; };
		4512A7DF2070B17E00BF4951 /* ProtocolViewController.swift */ = {isa = PBXFileReference; lastKnownFileType = sourcecode.swift; path = ProtocolViewController.swift; sourceTree = "<group>"; };
		45A3DEA92075CB490007EA02 /* JXXSearchEBillActivityHeaderView.swift */ = {isa = PBXFileReference; lastKnownFileType = sourcecode.swift; path = JXXSearchEBillActivityHeaderView.swift; sourceTree = "<group>"; };
		45A3DEAB2075CB5B0007EA02 /* JXXSearchEBillActivityHeaderView.xib */ = {isa = PBXFileReference; lastKnownFileType = file.xib; path = JXXSearchEBillActivityHeaderView.xib; sourceTree = "<group>"; };
		45B9F37720576F9500AEA1E3 /* NYCSchoolCell.swift */ = {isa = PBXFileReference; lastKnownFileType = sourcecode.swift; path = NYCSchoolCell.swift; sourceTree = "<group>"; };
		45B9F37A205777E500AEA1E3 /* NYCSchoolSat.swift */ = {isa = PBXFileReference; lastKnownFileType = sourcecode.swift; path = NYCSchoolSat.swift; sourceTree = "<group>"; };
		45B9F37C20577A7200AEA1E3 /* NYCSchoolSatCell.swift */ = {isa = PBXFileReference; lastKnownFileType = sourcecode.swift; path = NYCSchoolSatCell.swift; sourceTree = "<group>"; };
		A218DB27205723BC00E6E756 /* 20180313-SayanBanerjee-NYCSchools.app */ = {isa = PBXFileReference; explicitFileType = wrapper.application; includeInIndex = 0; path = "20180313-SayanBanerjee-NYCSchools.app"; sourceTree = BUILT_PRODUCTS_DIR; };
		A218DB2A205723BC00E6E756 /* AppDelegate.swift */ = {isa = PBXFileReference; lastKnownFileType = sourcecode.swift; path = AppDelegate.swift; sourceTree = "<group>"; };
		A218DB2C205723BC00E6E756 /* NYCSchoolLandingViewController.swift */ = {isa = PBXFileReference; lastKnownFileType = sourcecode.swift; path = NYCSchoolLandingViewController.swift; sourceTree = "<group>"; };
		A218DB2F205723BC00E6E756 /* Base */ = {isa = PBXFileReference; lastKnownFileType = file.storyboard; name = Base; path = Base.lproj/Main.storyboard; sourceTree = "<group>"; };
		A218DB31205723BC00E6E756 /* Assets.xcassets */ = {isa = PBXFileReference; lastKnownFileType = folder.assetcatalog; path = Assets.xcassets; sourceTree = "<group>"; };
		A218DB34205723BC00E6E756 /* Base */ = {isa = PBXFileReference; lastKnownFileType = file.storyboard; name = Base; path = Base.lproj/LaunchScreen.storyboard; sourceTree = "<group>"; };
		A218DB36205723BC00E6E756 /* Info.plist */ = {isa = PBXFileReference; lastKnownFileType = text.plist.xml; path = Info.plist; sourceTree = "<group>"; };
		A218DB3B205723BC00E6E756 /* 20180313-SayanBanerjee-NYCSchoolsTests.xctest */ = {isa = PBXFileReference; explicitFileType = wrapper.cfbundle; includeInIndex = 0; path = "20180313-SayanBanerjee-NYCSchoolsTests.xctest"; sourceTree = BUILT_PRODUCTS_DIR; };
		A218DB3F205723BC00E6E756 /* _0180313_SayanBanerjee_NYCSchoolsTests.swift */ = {isa = PBXFileReference; lastKnownFileType = sourcecode.swift; path = _0180313_SayanBanerjee_NYCSchoolsTests.swift; sourceTree = "<group>"; };
		A218DB41205723BC00E6E756 /* Info.plist */ = {isa = PBXFileReference; lastKnownFileType = text.plist.xml; path = Info.plist; sourceTree = "<group>"; };
		A218DB46205723BC00E6E756 /* 20180313-SayanBanerjee-NYCSchoolsUITests.xctest */ = {isa = PBXFileReference; explicitFileType = wrapper.cfbundle; includeInIndex = 0; path = "20180313-SayanBanerjee-NYCSchoolsUITests.xctest"; sourceTree = BUILT_PRODUCTS_DIR; };
		A218DB4A205723BC00E6E756 /* _0180313_SayanBanerjee_NYCSchoolsUITests.swift */ = {isa = PBXFileReference; lastKnownFileType = sourcecode.swift; path = _0180313_SayanBanerjee_NYCSchoolsUITests.swift; sourceTree = "<group>"; };
		A218DB4C205723BC00E6E756 /* Info.plist */ = {isa = PBXFileReference; lastKnownFileType = text.plist.xml; path = Info.plist; sourceTree = "<group>"; };
		A218DB5A2057253100E6E756 /* NetworkManager.swift */ = {isa = PBXFileReference; lastKnownFileType = sourcecode.swift; path = NetworkManager.swift; sourceTree = "<group>"; };
		A218DB5C2057267900E6E756 /* NYCSchoolHelper.swift */ = {isa = PBXFileReference; lastKnownFileType = sourcecode.swift; path = NYCSchoolHelper.swift; sourceTree = "<group>"; };
		A218DB5E205728DF00E6E756 /* NYCSchoolApi.swift */ = {isa = PBXFileReference; lastKnownFileType = sourcecode.swift; path = NYCSchoolApi.swift; sourceTree = "<group>"; };
		A218DB6020572A1800E6E756 /* NYCSchoolBaseViewController.swift */ = {isa = PBXFileReference; lastKnownFileType = sourcecode.swift; path = NYCSchoolBaseViewController.swift; sourceTree = "<group>"; };
		A218DB622057310700E6E756 /* NYCSchoolDetailViewController.swift */ = {isa = PBXFileReference; lastKnownFileType = sourcecode.swift; path = NYCSchoolDetailViewController.swift; sourceTree = "<group>"; };
		A218DB65205737D900E6E756 /* NYCSchool.swift */ = {isa = PBXFileReference; lastKnownFileType = sourcecode.swift; path = NYCSchool.swift; sourceTree = "<group>"; };
		A218DB6720573D8000E6E756 /* NYCSchoolViewModel.swift */ = {isa = PBXFileReference; lastKnownFileType = sourcecode.swift; path = NYCSchoolViewModel.swift; sourceTree = "<group>"; };
/* End PBXFileReference section */

/* Begin PBXFrameworksBuildPhase section */
		A218DB24205723BC00E6E756 /* Frameworks */ = {
			isa = PBXFrameworksBuildPhase;
			buildActionMask = 2147483647;
			files = (
			);
			runOnlyForDeploymentPostprocessing = 0;
		};
		A218DB38205723BC00E6E756 /* Frameworks */ = {
			isa = PBXFrameworksBuildPhase;
			buildActionMask = 2147483647;
			files = (
			);
			runOnlyForDeploymentPostprocessing = 0;
		};
		A218DB43205723BC00E6E756 /* Frameworks */ = {
			isa = PBXFrameworksBuildPhase;
			buildActionMask = 2147483647;
			files = (
			);
			runOnlyForDeploymentPostprocessing = 0;
		};
/* End PBXFrameworksBuildPhase section */

/* Begin PBXGroup section */
		4512A7DE2070AA9400BF4951 /* ProtocolOriented */ = {
			isa = PBXGroup;
			children = (
				4512A7DA2070AA8900BF4951 /* FoodTableViewCell.swift */,
				4512A7DB2070AA8900BF4951 /* FoodTableViewCell.xib */,
				45A3DEA92075CB490007EA02 /* JXXSearchEBillActivityHeaderView.swift */,
				45A3DEAB2075CB5B0007EA02 /* JXXSearchEBillActivityHeaderView.xib */,
				4512A7DF2070B17E00BF4951 /* ProtocolViewController.swift */,
			);
			name = ProtocolOriented;
			path = "New Group1";
			sourceTree = "<group>";
		};
		45B9F37920576F9900AEA1E3 /* View */ = {
			isa = PBXGroup;
			children = (
				45B9F37720576F9500AEA1E3 /* NYCSchoolCell.swift */,
				45B9F37C20577A7200AEA1E3 /* NYCSchoolSatCell.swift */,
			);
			name = View;
			path = "New Group";
			sourceTree = "<group>";
		};
		A218DB1E205723BC00E6E756 = {
			isa = PBXGroup;
			children = (
				A218DB29205723BC00E6E756 /* 20180313-SayanBanerjee-NYCSchools */,
				A218DB3E205723BC00E6E756 /* 20180313-SayanBanerjee-NYCSchoolsTests */,
				A218DB49205723BC00E6E756 /* 20180313-SayanBanerjee-NYCSchoolsUITests */,
				A218DB28205723BC00E6E756 /* Products */,
			);
			sourceTree = "<group>";
		};
		A218DB28205723BC00E6E756 /* Products */ = {
			isa = PBXGroup;
			children = (
				A218DB27205723BC00E6E756 /* 20180313-SayanBanerjee-NYCSchools.app */,
				A218DB3B205723BC00E6E756 /* 20180313-SayanBanerjee-NYCSchoolsTests.xctest */,
				A218DB46205723BC00E6E756 /* 20180313-SayanBanerjee-NYCSchoolsUITests.xctest */,
			);
			name = Products;
			sourceTree = "<group>";
		};
		A218DB29205723BC00E6E756 /* 20180313-SayanBanerjee-NYCSchools */ = {
			isa = PBXGroup;
			children = (
				45B9F37920576F9900AEA1E3 /* View */,
				A218DB64205737BE00E6E756 /* Model */,
				A218DB59205724F200E6E756 /* Helper */,
				A218DB58205724DC00E6E756 /* ViewController */,
				A218DB2A205723BC00E6E756 /* AppDelegate.swift */,
				A218DB2E205723BC00E6E756 /* Main.storyboard */,
				A218DB31205723BC00E6E756 /* Assets.xcassets */,
				A218DB33205723BC00E6E756 /* LaunchScreen.storyboard */,
				A218DB36205723BC00E6E756 /* Info.plist */,
				4512A7DE2070AA9400BF4951 /* ProtocolOriented */,
			);
			path = "20180313-SayanBanerjee-NYCSchools";
			sourceTree = "<group>";
		};
		A218DB3E205723BC00E6E756 /* 20180313-SayanBanerjee-NYCSchoolsTests */ = {
			isa = PBXGroup;
			children = (
				A218DB3F205723BC00E6E756 /* _0180313_SayanBanerjee_NYCSchoolsTests.swift */,
				A218DB41205723BC00E6E756 /* Info.plist */,
			);
			path = "20180313-SayanBanerjee-NYCSchoolsTests";
			sourceTree = "<group>";
		};
		A218DB49205723BC00E6E756 /* 20180313-SayanBanerjee-NYCSchoolsUITests */ = {
			isa = PBXGroup;
			children = (
				A218DB4A205723BC00E6E756 /* _0180313_SayanBanerjee_NYCSchoolsUITests.swift */,
				A218DB4C205723BC00E6E756 /* Info.plist */,
			);
			path = "20180313-SayanBanerjee-NYCSchoolsUITests";
			sourceTree = "<group>";
		};
		A218DB58205724DC00E6E756 /* ViewController */ = {
			isa = PBXGroup;
			children = (
				A218DB2C205723BC00E6E756 /* NYCSchoolLandingViewController.swift */,
				A218DB622057310700E6E756 /* NYCSchoolDetailViewController.swift */,
				A218DB6020572A1800E6E756 /* NYCSchoolBaseViewController.swift */,
			);
			path = ViewController;
			sourceTree = "<group>";
		};
		A218DB59205724F200E6E756 /* Helper */ = {
			isa = PBXGroup;
			children = (
				A218DB5A2057253100E6E756 /* NetworkManager.swift */,
				A218DB5C2057267900E6E756 /* NYCSchoolHelper.swift */,
				A218DB5E205728DF00E6E756 /* NYCSchoolApi.swift */,
				4512A7D82069EB8800BF4951 /* UserBindable.swift */,
			);
			path = Helper;
			sourceTree = "<group>";
		};
		A218DB64205737BE00E6E756 /* Model */ = {
			isa = PBXGroup;
			children = (
				A218DB65205737D900E6E756 /* NYCSchool.swift */,
				45B9F37A205777E500AEA1E3 /* NYCSchoolSat.swift */,
				A218DB6720573D8000E6E756 /* NYCSchoolViewModel.swift */,
			);
			path = Model;
			sourceTree = "<group>";
		};
/* End PBXGroup section */

/* Begin PBXNativeTarget section */
		A218DB26205723BC00E6E756 /* 20180313-SayanBanerjee-NYCSchools */ = {
			isa = PBXNativeTarget;
			buildConfigurationList = A218DB4F205723BC00E6E756 /* Build configuration list for PBXNativeTarget "20180313-SayanBanerjee-NYCSchools" */;
			buildPhases = (
				A218DB23205723BC00E6E756 /* Sources */,
				A218DB24205723BC00E6E756 /* Frameworks */,
				A218DB25205723BC00E6E756 /* Resources */,
			);
			buildRules = (
			);
			dependencies = (
			);
			name = "20180313-SayanBanerjee-NYCSchools";
			productName = "20180313-SayanBanerjee-NYCSchools";
			productReference = A218DB27205723BC00E6E756 /* 20180313-SayanBanerjee-NYCSchools.app */;
			productType = "com.apple.product-type.application";
		};
		A218DB3A205723BC00E6E756 /* 20180313-SayanBanerjee-NYCSchoolsTests */ = {
			isa = PBXNativeTarget;
			buildConfigurationList = A218DB52205723BC00E6E756 /* Build configuration list for PBXNativeTarget "20180313-SayanBanerjee-NYCSchoolsTests" */;
			buildPhases = (
				A218DB37205723BC00E6E756 /* Sources */,
				A218DB38205723BC00E6E756 /* Frameworks */,
				A218DB39205723BC00E6E756 /* Resources */,
			);
			buildRules = (
			);
			dependencies = (
				A218DB3D205723BC00E6E756 /* PBXTargetDependency */,
			);
			name = "20180313-SayanBanerjee-NYCSchoolsTests";
			productName = "20180313-SayanBanerjee-NYCSchoolsTests";
			productReference = A218DB3B205723BC00E6E756 /* 20180313-SayanBanerjee-NYCSchoolsTests.xctest */;
			productType = "com.apple.product-type.bundle.unit-test";
		};
		A218DB45205723BC00E6E756 /* 20180313-SayanBanerjee-NYCSchoolsUITests */ = {
			isa = PBXNativeTarget;
			buildConfigurationList = A218DB55205723BC00E6E756 /* Build configuration list for PBXNativeTarget "20180313-SayanBanerjee-NYCSchoolsUITests" */;
			buildPhases = (
				A218DB42205723BC00E6E756 /* Sources */,
				A218DB43205723BC00E6E756 /* Frameworks */,
				A218DB44205723BC00E6E756 /* Resources */,
			);
			buildRules = (
			);
			dependencies = (
				A218DB48205723BC00E6E756 /* PBXTargetDependency */,
			);
			name = "20180313-SayanBanerjee-NYCSchoolsUITests";
			productName = "20180313-SayanBanerjee-NYCSchoolsUITests";
			productReference = A218DB46205723BC00E6E756 /* 20180313-SayanBanerjee-NYCSchoolsUITests.xctest */;
			productType = "com.apple.product-type.bundle.ui-testing";
		};
/* End PBXNativeTarget section */

/* Begin PBXProject section */
		A218DB1F205723BC00E6E756 /* Project object */ = {
			isa = PBXProject;
			attributes = {
				LastSwiftUpdateCheck = 0920;
				LastUpgradeCheck = 0920;
				ORGANIZATIONNAME = "Sayan Banerjee";
				TargetAttributes = {
					A218DB26205723BC00E6E756 = {
						CreatedOnToolsVersion = 9.2;
						ProvisioningStyle = Automatic;
					};
					A218DB3A205723BC00E6E756 = {
						CreatedOnToolsVersion = 9.2;
						ProvisioningStyle = Automatic;
						TestTargetID = A218DB26205723BC00E6E756;
					};
					A218DB45205723BC00E6E756 = {
						CreatedOnToolsVersion = 9.2;
						ProvisioningStyle = Automatic;
						TestTargetID = A218DB26205723BC00E6E756;
					};
				};
			};
			buildConfigurationList = A218DB22205723BC00E6E756 /* Build configuration list for PBXProject "20180313-SayanBanerjee-NYCSchools" */;
			compatibilityVersion = "Xcode 8.0";
			developmentRegion = en;
			hasScannedForEncodings = 0;
			knownRegions = (
				en,
				Base,
			);
			mainGroup = A218DB1E205723BC00E6E756;
			productRefGroup = A218DB28205723BC00E6E756 /* Products */;
			projectDirPath = "";
			projectRoot = "";
			targets = (
				A218DB26205723BC00E6E756 /* 20180313-SayanBanerjee-NYCSchools */,
				A218DB3A205723BC00E6E756 /* 20180313-SayanBanerjee-NYCSchoolsTests */,
				A218DB45205723BC00E6E756 /* 20180313-SayanBanerjee-NYCSchoolsUITests */,
			);
		};
/* End PBXProject section */

/* Begin PBXResourcesBuildPhase section */
		A218DB25205723BC00E6E756 /* Resources */ = {
			isa = PBXResourcesBuildPhase;
			buildActionMask = 2147483647;
			files = (
				A218DB35205723BC00E6E756 /* LaunchScreen.storyboard in Resources */,
				45A3DEAC2075CB5B0007EA02 /* JXXSearchEBillActivityHeaderView.xib in Resources */,
				4512A7DD2070AA8900BF4951 /* FoodTableViewCell.xib in Resources */,
				A218DB32205723BC00E6E756 /* Assets.xcassets in Resources */,
				A218DB30205723BC00E6E756 /* Main.storyboard in Resources */,
			);
			runOnlyForDeploymentPostprocessing = 0;
		};
		A218DB39205723BC00E6E756 /* Resources */ = {
			isa = PBXResourcesBuildPhase;
			buildActionMask = 2147483647;
			files = (
			);
			runOnlyForDeploymentPostprocessing = 0;
		};
		A218DB44205723BC00E6E756 /* Resources */ = {
			isa = PBXResourcesBuildPhase;
			buildActionMask = 2147483647;
			files = (
			);
			runOnlyForDeploymentPostprocessing = 0;
		};
/* End PBXResourcesBuildPhase section */

/* Begin PBXSourcesBuildPhase section */
		A218DB23205723BC00E6E756 /* Sources */ = {
			isa = PBXSourcesBuildPhase;
			buildActionMask = 2147483647;
			files = (
				4512A7D92069EB8800BF4951 /* UserBindable.swift in Sources */,
				4512A7E02070B17E00BF4951 /* ProtocolViewController.swift in Sources */,
				A218DB632057310700E6E756 /* NYCSchoolDetailViewController.swift in Sources */,
				A218DB5B2057253100E6E756 /* NetworkManager.swift in Sources */,
				4512A7DC2070AA8900BF4951 /* FoodTableViewCell.swift in Sources */,
				45B9F37820576F9500AEA1E3 /* NYCSchoolCell.swift in Sources */,
				45B9F37D20577A7200AEA1E3 /* NYCSchoolSatCell.swift in Sources */,
				45B9F37B205777E500AEA1E3 /* NYCSchoolSat.swift in Sources */,
				A218DB2D205723BC00E6E756 /* NYCSchoolLandingViewController.swift in Sources */,
				A218DB6820573D8000E6E756 /* NYCSchoolViewModel.swift in Sources */,
				45A3DEAA2075CB490007EA02 /* JXXSearchEBillActivityHeaderView.swift in Sources */,
				A218DB6120572A1800E6E756 /* NYCSchoolBaseViewController.swift in Sources */,
				A218DB66205737D900E6E756 /* NYCSchool.swift in Sources */,
				A218DB5D2057267900E6E756 /* NYCSchoolHelper.swift in Sources */,
				A218DB5F205728DF00E6E756 /* NYCSchoolApi.swift in Sources */,
				A218DB2B205723BC00E6E756 /* AppDelegate.swift in Sources */,
			);
			runOnlyForDeploymentPostprocessing = 0;
		};
		A218DB37205723BC00E6E756 /* Sources */ = {
			isa = PBXSourcesBuildPhase;
			buildActionMask = 2147483647;
			files = (
				A218DB40205723BC00E6E756 /* _0180313_SayanBanerjee_NYCSchoolsTests.swift in Sources */,
			);
			runOnlyForDeploymentPostprocessing = 0;
		};
		A218DB42205723BC00E6E756 /* Sources */ = {
			isa = PBXSourcesBuildPhase;
			buildActionMask = 2147483647;
			files = (
				A218DB4B205723BC00E6E756 /* _0180313_SayanBanerjee_NYCSchoolsUITests.swift in Sources */,
			);
			runOnlyForDeploymentPostprocessing = 0;
		};
/* End PBXSourcesBuildPhase section */

/* Begin PBXTargetDependency section */
		A218DB3D205723BC00E6E756 /* PBXTargetDependency */ = {
			isa = PBXTargetDependency;
			target = A218DB26205723BC00E6E756 /* 20180313-SayanBanerjee-NYCSchools */;
			targetProxy = A218DB3C205723BC00E6E756 /* PBXContainerItemProxy */;
		};
		A218DB48205723BC00E6E756 /* PBXTargetDependency */ = {
			isa = PBXTargetDependency;
			target = A218DB26205723BC00E6E756 /* 20180313-SayanBanerjee-NYCSchools */;
			targetProxy = A218DB47205723BC00E6E756 /* PBXContainerItemProxy */;
		};
/* End PBXTargetDependency section */

/* Begin PBXVariantGroup section */
		A218DB2E205723BC00E6E756 /* Main.storyboard */ = {
			isa = PBXVariantGroup;
			children = (
				A218DB2F205723BC00E6E756 /* Base */,
			);
			name = Main.storyboard;
			sourceTree = "<group>";
		};
		A218DB33205723BC00E6E756 /* LaunchScreen.storyboard */ = {
			isa = PBXVariantGroup;
			children = (
				A218DB34205723BC00E6E756 /* Base */,
			);
			name = LaunchScreen.storyboard;
			sourceTree = "<group>";
		};
/* End PBXVariantGroup section */

/* Begin XCBuildConfiguration section */
		A218DB4D205723BC00E6E756 /* Debug */ = {
			isa = XCBuildConfiguration;
			buildSettings = {
				ALWAYS_SEARCH_USER_PATHS = NO;
				CLANG_ANALYZER_NONNULL = YES;
				CLANG_ANALYZER_NUMBER_OBJECT_CONVERSION = YES_AGGRESSIVE;
				CLANG_CXX_LANGUAGE_STANDARD = "gnu++14";
				CLANG_CXX_LIBRARY = "libc++";
				CLANG_ENABLE_MODULES = YES;
				CLANG_ENABLE_OBJC_ARC = YES;
				CLANG_WARN_BLOCK_CAPTURE_AUTORELEASING = YES;
				CLANG_WARN_BOOL_CONVERSION = YES;
				CLANG_WARN_COMMA = YES;
				CLANG_WARN_CONSTANT_CONVERSION = YES;
				CLANG_WARN_DIRECT_OBJC_ISA_USAGE = YES_ERROR;
				CLANG_WARN_DOCUMENTATION_COMMENTS = YES;
				CLANG_WARN_EMPTY_BODY = YES;
				CLANG_WARN_ENUM_CONVERSION = YES;
				CLANG_WARN_INFINITE_RECURSION = YES;
				CLANG_WARN_INT_CONVERSION = YES;
				CLANG_WARN_NON_LITERAL_NULL_CONVERSION = YES;
				CLANG_WARN_OBJC_LITERAL_CONVERSION = YES;
				CLANG_WARN_OBJC_ROOT_CLASS = YES_ERROR;
				CLANG_WARN_RANGE_LOOP_ANALYSIS = YES;
				CLANG_WARN_STRICT_PROTOTYPES = YES;
				CLANG_WARN_SUSPICIOUS_MOVE = YES;
				CLANG_WARN_UNGUARDED_AVAILABILITY = YES_AGGRESSIVE;
				CLANG_WARN_UNREACHABLE_CODE = YES;
				CLANG_WARN__DUPLICATE_METHOD_MATCH = YES;
				CODE_SIGN_IDENTITY = "iPhone Developer";
				COPY_PHASE_STRIP = NO;
				DEBUG_INFORMATION_FORMAT = dwarf;
				ENABLE_STRICT_OBJC_MSGSEND = YES;
				ENABLE_TESTABILITY = YES;
				GCC_C_LANGUAGE_STANDARD = gnu11;
				GCC_DYNAMIC_NO_PIC = NO;
				GCC_NO_COMMON_BLOCKS = YES;
				GCC_OPTIMIZATION_LEVEL = 0;
				GCC_PREPROCESSOR_DEFINITIONS = (
					"DEBUG=1",
					"$(inherited)",
				);
				GCC_WARN_64_TO_32_BIT_CONVERSION = YES;
				GCC_WARN_ABOUT_RETURN_TYPE = YES_ERROR;
				GCC_WARN_UNDECLARED_SELECTOR = YES;
				GCC_WARN_UNINITIALIZED_AUTOS = YES_AGGRESSIVE;
				GCC_WARN_UNUSED_FUNCTION = YES;
				GCC_WARN_UNUSED_VARIABLE = YES;
				IPHONEOS_DEPLOYMENT_TARGET = 11.2;
				MTL_ENABLE_DEBUG_INFO = YES;
				ONLY_ACTIVE_ARCH = YES;
				SDKROOT = iphoneos;
				SWIFT_ACTIVE_COMPILATION_CONDITIONS = DEBUG;
				SWIFT_OPTIMIZATION_LEVEL = "-Onone";
			};
			name = Debug;
		};
		A218DB4E205723BC00E6E756 /* Release */ = {
			isa = XCBuildConfiguration;
			buildSettings = {
				ALWAYS_SEARCH_USER_PATHS = NO;
				CLANG_ANALYZER_NONNULL = YES;
				CLANG_ANALYZER_NUMBER_OBJECT_CONVERSION = YES_AGGRESSIVE;
				CLANG_CXX_LANGUAGE_STANDARD = "gnu++14";
				CLANG_CXX_LIBRARY = "libc++";
				CLANG_ENABLE_MODULES = YES;
				CLANG_ENABLE_OBJC_ARC = YES;
				CLANG_WARN_BLOCK_CAPTURE_AUTORELEASING = YES;
				CLANG_WARN_BOOL_CONVERSION = YES;
				CLANG_WARN_COMMA = YES;
				CLANG_WARN_CONSTANT_CONVERSION = YES;
				CLANG_WARN_DIRECT_OBJC_ISA_USAGE = YES_ERROR;
				CLANG_WARN_DOCUMENTATION_COMMENTS = YES;
				CLANG_WARN_EMPTY_BODY = YES;
				CLANG_WARN_ENUM_CONVERSION = YES;
				CLANG_WARN_INFINITE_RECURSION = YES;
				CLANG_WARN_INT_CONVERSION = YES;
				CLANG_WARN_NON_LITERAL_NULL_CONVERSION = YES;
				CLANG_WARN_OBJC_LITERAL_CONVERSION = YES;
				CLANG_WARN_OBJC_ROOT_CLASS = YES_ERROR;
				CLANG_WARN_RANGE_LOOP_ANALYSIS = YES;
				CLANG_WARN_STRICT_PROTOTYPES = YES;
				CLANG_WARN_SUSPICIOUS_MOVE = YES;
				CLANG_WARN_UNGUARDED_AVAILABILITY = YES_AGGRESSIVE;
				CLANG_WARN_UNREACHABLE_CODE = YES;
				CLANG_WARN__DUPLICATE_METHOD_MATCH = YES;
				CODE_SIGN_IDENTITY = "iPhone Developer";
				COPY_PHASE_STRIP = NO;
				DEBUG_INFORMATION_FORMAT = "dwarf-with-dsym";
				ENABLE_NS_ASSERTIONS = NO;
				ENABLE_STRICT_OBJC_MSGSEND = YES;
				GCC_C_LANGUAGE_STANDARD = gnu11;
				GCC_NO_COMMON_BLOCKS = YES;
				GCC_WARN_64_TO_32_BIT_CONVERSION = YES;
				GCC_WARN_ABOUT_RETURN_TYPE = YES_ERROR;
				GCC_WARN_UNDECLARED_SELECTOR = YES;
				GCC_WARN_UNINITIALIZED_AUTOS = YES_AGGRESSIVE;
				GCC_WARN_UNUSED_FUNCTION = YES;
				GCC_WARN_UNUSED_VARIABLE = YES;
				IPHONEOS_DEPLOYMENT_TARGET = 11.2;
				MTL_ENABLE_DEBUG_INFO = NO;
				SDKROOT = iphoneos;
				SWIFT_OPTIMIZATION_LEVEL = "-Owholemodule";
				VALIDATE_PRODUCT = YES;
			};
			name = Release;
		};
		A218DB50205723BC00E6E756 /* Debug */ = {
			isa = XCBuildConfiguration;
			buildSettings = {
				ASSETCATALOG_COMPILER_APPICON_NAME = AppIcon;
				CODE_SIGN_STYLE = Automatic;
				DEVELOPMENT_TEAM = V67TTXMTRS;
				INFOPLIST_FILE = "20180313-SayanBanerjee-NYCSchools/Info.plist";
				LD_RUNPATH_SEARCH_PATHS = "$(inherited) @executable_path/Frameworks";
				PRODUCT_BUNDLE_IDENTIFIER = "Virtusa.-0180313-SayanBanerjee-NYCSchools";
				PRODUCT_NAME = "$(TARGET_NAME)";
				SWIFT_VERSION = 4.0;
				TARGETED_DEVICE_FAMILY = "1,2";
			};
			name = Debug;
		};
		A218DB51205723BC00E6E756 /* Release */ = {
			isa = XCBuildConfiguration;
			buildSettings = {
				ASSETCATALOG_COMPILER_APPICON_NAME = AppIcon;
				CODE_SIGN_STYLE = Automatic;
				DEVELOPMENT_TEAM = V67TTXMTRS;
				INFOPLIST_FILE = "20180313-SayanBanerjee-NYCSchools/Info.plist";
				LD_RUNPATH_SEARCH_PATHS = "$(inherited) @executable_path/Frameworks";
				PRODUCT_BUNDLE_IDENTIFIER = "Virtusa.-0180313-SayanBanerjee-NYCSchools";
				PRODUCT_NAME = "$(TARGET_NAME)";
				SWIFT_VERSION = 4.0;
				TARGETED_DEVICE_FAMILY = "1,2";
			};
			name = Release;
		};
		A218DB53205723BC00E6E756 /* Debug */ = {
			isa = XCBuildConfiguration;
			buildSettings = {
				ALWAYS_EMBED_SWIFT_STANDARD_LIBRARIES = YES;
				BUNDLE_LOADER = "$(TEST_HOST)";
				CODE_SIGN_STYLE = Automatic;
				DEVELOPMENT_TEAM = V67TTXMTRS;
				INFOPLIST_FILE = "20180313-SayanBanerjee-NYCSchoolsTests/Info.plist";
				LD_RUNPATH_SEARCH_PATHS = "$(inherited) @executable_path/Frameworks @loader_path/Frameworks";
				PRODUCT_BUNDLE_IDENTIFIER = "Virtusa.-0180313-SayanBanerjee-NYCSchoolsTests";
				PRODUCT_NAME = "$(TARGET_NAME)";
				SWIFT_VERSION = 4.0;
				TARGETED_DEVICE_FAMILY = "1,2";
				TEST_HOST = "$(BUILT_PRODUCTS_DIR)/20180313-SayanBanerjee-NYCSchools.app/20180313-SayanBanerjee-NYCSchools";
			};
			name = Debug;
		};
		A218DB54205723BC00E6E756 /* Release */ = {
			isa = XCBuildConfiguration;
			buildSettings = {
				ALWAYS_EMBED_SWIFT_STANDARD_LIBRARIES = YES;
				BUNDLE_LOADER = "$(TEST_HOST)";
				CODE_SIGN_STYLE = Automatic;
				DEVELOPMENT_TEAM = V67TTXMTRS;
				INFOPLIST_FILE = "20180313-SayanBanerjee-NYCSchoolsTests/Info.plist";
				LD_RUNPATH_SEARCH_PATHS = "$(inherited) @executable_path/Frameworks @loader_path/Frameworks";
				PRODUCT_BUNDLE_IDENTIFIER = "Virtusa.-0180313-SayanBanerjee-NYCSchoolsTests";
				PRODUCT_NAME = "$(TARGET_NAME)";
				SWIFT_VERSION = 4.0;
				TARGETED_DEVICE_FAMILY = "1,2";
				TEST_HOST = "$(BUILT_PRODUCTS_DIR)/20180313-SayanBanerjee-NYCSchools.app/20180313-SayanBanerjee-NYCSchools";
			};
			name = Release;
		};
		A218DB56205723BC00E6E756 /* Debug */ = {
			isa = XCBuildConfiguration;
			buildSettings = {
				ALWAYS_EMBED_SWIFT_STANDARD_LIBRARIES = YES;
				CODE_SIGN_STYLE = Automatic;
				DEVELOPMENT_TEAM = V67TTXMTRS;
				INFOPLIST_FILE = "20180313-SayanBanerjee-NYCSchoolsUITests/Info.plist";
				LD_RUNPATH_SEARCH_PATHS = "$(inherited) @executable_path/Frameworks @loader_path/Frameworks";
				PRODUCT_BUNDLE_IDENTIFIER = "Virtusa.-0180313-SayanBanerjee-NYCSchoolsUITests";
				PRODUCT_NAME = "$(TARGET_NAME)";
				SWIFT_VERSION = 4.0;
				TARGETED_DEVICE_FAMILY = "1,2";
				TEST_TARGET_NAME = "20180313-SayanBanerjee-NYCSchools";
			};
			name = Debug;
		};
		A218DB57205723BC00E6E756 /* Release */ = {
			isa = XCBuildConfiguration;
			buildSettings = {
				ALWAYS_EMBED_SWIFT_STANDARD_LIBRARIES = YES;
				CODE_SIGN_STYLE = Automatic;
				DEVELOPMENT_TEAM = V67TTXMTRS;
				INFOPLIST_FILE = "20180313-SayanBanerjee-NYCSchoolsUITests/Info.plist";
				LD_RUNPATH_SEARCH_PATHS = "$(inherited) @executable_path/Frameworks @loader_path/Frameworks";
				PRODUCT_BUNDLE_IDENTIFIER = "Virtusa.-0180313-SayanBanerjee-NYCSchoolsUITests";
				PRODUCT_NAME = "$(TARGET_NAME)";
				SWIFT_VERSION = 4.0;
				TARGETED_DEVICE_FAMILY = "1,2";
				TEST_TARGET_NAME = "20180313-SayanBanerjee-NYCSchools";
			};
			name = Release;
		};
/* End XCBuildConfiguration section */

/* Begin XCConfigurationList section */
		A218DB22205723BC00E6E756 /* Build configuration list for PBXProject "20180313-SayanBanerjee-NYCSchools" */ = {
			isa = XCConfigurationList;
			buildConfigurations = (
				A218DB4D205723BC00E6E756 /* Debug */,
				A218DB4E205723BC00E6E756 /* Release */,
			);
			defaultConfigurationIsVisible = 0;
			defaultConfigurationName = Release;
		};
		A218DB4F205723BC00E6E756 /* Build configuration list for PBXNativeTarget "20180313-SayanBanerjee-NYCSchools" */ = {
			isa = XCConfigurationList;
			buildConfigurations = (
				A218DB50205723BC00E6E756 /* Debug */,
				A218DB51205723BC00E6E756 /* Release */,
			);
			defaultConfigurationIsVisible = 0;
			defaultConfigurationName = Release;
		};
		A218DB52205723BC00E6E756 /* Build configuration list for PBXNativeTarget "20180313-SayanBanerjee-NYCSchoolsTests" */ = {
			isa = XCConfigurationList;
			buildConfigurations = (
				A218DB53205723BC00E6E756 /* Debug */,
				A218DB54205723BC00E6E756 /* Release */,
			);
			defaultConfigurationIsVisible = 0;
			defaultConfigurationName = Release;
		};
		A218DB55205723BC00E6E756 /* Build configuration list for PBXNativeTarget "20180313-SayanBanerjee-NYCSchoolsUITests" */ = {
			isa = XCConfigurationList;
			buildConfigurations = (
				A218DB56205723BC00E6E756 /* Debug */,
				A218DB57205723BC00E6E756 /* Release */,
			);
			defaultConfigurationIsVisible = 0;
			defaultConfigurationName = Release;
		};
/* End XCConfigurationList section */
	};
	rootObject = A218DB1F205723BC00E6E756 /* Project object */;
}
